
Microsoft Visual Studio Solution File, Format Version 12.00
# Visual Studio 2013
VisualStudioVersion = 12.0.21005.1
MinimumVisualStudioVersion = 10.0.40219.1
Project("{888888A0-9F3D-457C-B088-3A5042F75D52}") = "SubiT", "SubiT.pyproj", "{CA7E4620-E7E0-4188-9A18-3C8C75BB06E3}"
EndProject
Project("{888888A0-9F3D-457C-B088-3A5042F75D52}") = "SubiT_tests", "SubiT_tests\SubiT_tests.pyproj", "{13BF253A-8314-42F4-BFA9-EF78D9DB9B16}"
EndProject
Global
	GlobalSection(SolutionConfigurationPlatforms) = preSolution
		Debug|Any CPU = Debug|Any CPU
		Release|Any CPU = Release|Any CPU
	EndGlobalSection
	GlobalSection(ProjectConfigurationPlatforms) = postSolution
		{CA7E4620-E7E0-4188-9A18-3C8C75BB06E3}.Debug|Any CPU.ActiveCfg = Debug|Any CPU
		{CA7E4620-E7E0-4188-9A18-3C8C75BB06E3}.Release|Any CPU.ActiveCfg = Release|Any CPU
		{13BF253A-8314-42F4-BFA9-EF78D9DB9B16}.Debug|Any CPU.ActiveCfg = Debug|Any CPU
		{13BF253A-8314-42F4-BFA9-EF78D9DB9B16}.Debug|Any CPU.Build.0 = Debug|Any CPU
		{13BF253A-8314-42F4-BFA9-EF78D9DB9B16}.Release|Any CPU.ActiveCfg = Release|Any CPU
		{13BF253A-8314-42F4-BFA9-EF78D9DB9B16}.Release|Any CPU.Build.0 = Release|Any CPU
	EndGlobalSection
	GlobalSection(SolutionProperties) = preSolution
		HideSolutionNode = FALSE
	EndGlobalSection
EndGlobal
